{
  "originHash" : "d44f19729cbe0ae506f4dfbc0bd407f171412aa2a420f9db900efbccdcaadeb6",
  "pins" : [
    {
      "identity" : "needle",
      "kind" : "remoteSourceControl",
      "location" : "https://github.com/uber/needle",
      "state" : {
        "branch" : "master",
        "revision" : "2a79817bc25d162eef2362f82f0fe2b005cbd3b0"
      }
    },
    {
      "identity" : "realm-core",
      "kind" : "remoteSourceControl",
      "location" : "https://github.com/realm/realm-core.git",
      "state" : {
        "revision" : "15493076ad9fef22c16cc64cbfbf9e5b65c385f9",
        "version" : "20.1.0"
      }
    },
    {
      "identity" : "realm-swift",
      "kind" : "remoteSourceControl",
      "location" : "https://github.com/realm/realm-swift",
      "state" : {
        "revision" : "6260534683132eb981338c7c39fd5e69205876e6",
        "version" : "20.0.3"
      }
    },
    {
      "identity" : "simpletoast",
      "kind" : "remoteSourceControl",
      "location" : "https://github.com/sanzaru/SimpleToast",
      "state" : {
        "revision" : "8d49c8c16d218b03c3428a0d1c8fe79f4e2707a6",
        "version" : "0.11.0"
      }
    }
  ],
  "version" : 3
}
