// !$*UTF8*$!
{
	archiveVersion = 1;
	classes = {
	};
	objectVersion = 77;
	objects = {

/* Begin PBXBuildFile section */
		030C875A2E1ACB1C0080952D /* NeedleFoundation in Frameworks */ = {isa = PBXBuildFile; productRef = 030C87592E1ACB1C0080952D /* NeedleFoundation */; };
		030C875C2E1ACB1C0080952D /* NeedleFoundationTest in Frameworks */ = {isa = PBXBuildFile; productRef = 030C875B2E1ACB1C0080952D /* NeedleFoundationTest */; };
		030C87802E1AEADC0080952D /* RealmSwift in Frameworks */ = {isa = PBXBuildFile; productRef = 030C877F2E1AEADC0080952D /* RealmSwift */; };
/* End PBXBuildFile section */

/* Begin PBXContainerItemProxy section */
		030C87042E19A8770080952D /* PBXContainerItemProxy */ = {
			isa = PBXContainerItemProxy;
			containerPortal = 030C86EA2E19A8760080952D /* Project object */;
			proxyType = 1;
			remoteGlobalIDString = 030C86F12E19A8760080952D;
			remoteInfo = TaskCast;
		};
		030C870E2E19A8770080952D /* PBXContainerItemProxy */ = {
			isa = PBXContainerItemProxy;
			containerPortal = 030C86EA2E19A8760080952D /* Project object */;
			proxyType = 1;
			remoteGlobalIDString = 030C86F12E19A8760080952D;
			remoteInfo = TaskCast;
		};
/* End PBXContainerItemProxy section */

/* Begin PBXCopyFilesBuildPhase section */
		030C87792E1AEA2E0080952D /* Embed Frameworks */ = {
			isa = PBXCopyFilesBuildPhase;
			buildActionMask = 2147483647;
			dstPath = "";
			dstSubfolderSpec = 10;
			files = (
			);
			name = "Embed Frameworks";
			runOnlyForDeploymentPostprocessing = 0;
		};
/* End PBXCopyFilesBuildPhase section */

/* Begin PBXFileReference section */
		030C86F22E19A8760080952D /* TaskCast.app */ = {isa = PBXFileReference; explicitFileType = wrapper.application; includeInIndex = 0; path = TaskCast.app; sourceTree = BUILT_PRODUCTS_DIR; };
		030C87032E19A8770080952D /* TaskCastTests.xctest */ = {isa = PBXFileReference; explicitFileType = wrapper.cfbundle; includeInIndex = 0; path = TaskCastTests.xctest; sourceTree = BUILT_PRODUCTS_DIR; };
		030C870D2E19A8770080952D /* TaskCastUITests.xctest */ = {isa = PBXFileReference; explicitFileType = wrapper.cfbundle; includeInIndex = 0; path = TaskCastUITests.xctest; sourceTree = BUILT_PRODUCTS_DIR; };
/* End PBXFileReference section */

/* Begin PBXFileSystemSynchronizedRootGroup section */
		030C86F42E19A8760080952D /* TaskCast */ = {
			isa = PBXFileSystemSynchronizedRootGroup;
			path = TaskCast;
			sourceTree = "<group>";
		};
		030C87062E19A8770080952D /* TaskCastTests */ = {
			isa = PBXFileSystemSynchronizedRootGroup;
			path = TaskCastTests;
			sourceTree = "<group>";
		};
		030C87102E19A8770080952D /* TaskCastUITests */ = {
			isa = PBXFileSystemSynchronizedRootGroup;
			path = TaskCastUITests;
			sourceTree = "<group>";
		};
/* End PBXFileSystemSynchronizedRootGroup section */

/* Begin PBXFrameworksBuildPhase section */
		030C86EF2E19A8760080952D /* Frameworks */ = {
			isa = PBXFrameworksBuildPhase;
			buildActionMask = 2147483647;
			files = (
				030C87802E1AEADC0080952D /* RealmSwift in Frameworks */,
				030C875C2E1ACB1C0080952D /* NeedleFoundationTest in Frameworks */,
				030C875A2E1ACB1C0080952D /* NeedleFoundation in Frameworks */,
			);
			runOnlyForDeploymentPostprocessing = 0;
		};
		030C87002E19A8770080952D /* Frameworks */ = {
			isa = PBXFrameworksBuildPhase;
			buildActionMask = 2147483647;
			files = (
			);
			runOnlyForDeploymentPostprocessing = 0;
		};
		030C870A2E19A8770080952D /* Frameworks */ = {
			isa = PBXFrameworksBuildPhase;
			buildActionMask = 2147483647;
			files = (
			);
			runOnlyForDeploymentPostprocessing = 0;
		};
/* End PBXFrameworksBuildPhase section */

/* Begin PBXGroup section */
		030C86E92E19A8760080952D = {
			isa = PBXGroup;
			children = (
				030C86F42E19A8760080952D /* TaskCast */,
				030C87062E19A8770080952D /* TaskCastTests */,
				030C87102E19A8770080952D /* TaskCastUITests */,
				030C86F32E19A8760080952D /* Products */,
			);
			sourceTree = "<group>";
		};
		030C86F32E19A8760080952D /* Products */ = {
			isa = PBXGroup;
			children = (
				030C86F22E19A8760080952D /* TaskCast.app */,
				030C87032E19A8770080952D /* TaskCastTests.xctest */,
				030C870D2E19A8770080952D /* TaskCastUITests.xctest */,
			);
			name = Products;
			sourceTree = "<group>";
		};
/* End PBXGroup section */

/* Begin PBXNativeTarget section */
		030C86F12E19A8760080952D /* TaskCast */ = {
			isa = PBXNativeTarget;
			buildConfigurationList = 030C87172E19A8770080952D /* Build configuration list for PBXNativeTarget "TaskCast" */;
			buildPhases = (
				030C86EE2E19A8760080952D /* Sources */,
				030C876D2E1AE5490080952D /* Needle */,
				030C86EF2E19A8760080952D /* Frameworks */,
				030C86F02E19A8760080952D /* Resources */,
				030C87792E1AEA2E0080952D /* Embed Frameworks */,
			);
			buildRules = (
			);
			dependencies = (
			);
			fileSystemSynchronizedGroups = (
				030C86F42E19A8760080952D /* TaskCast */,
			);
			name = TaskCast;
			packageProductDependencies = (
				030C87592E1ACB1C0080952D /* NeedleFoundation */,
				030C875B2E1ACB1C0080952D /* NeedleFoundationTest */,
				030C877F2E1AEADC0080952D /* RealmSwift */,
			);
			productName = TaskCast;
			productReference = 030C86F22E19A8760080952D /* TaskCast.app */;
			productType = "com.apple.product-type.application";
		};
		030C87022E19A8770080952D /* TaskCastTests */ = {
			isa = PBXNativeTarget;
			buildConfigurationList = 030C871A2E19A8770080952D /* Build configuration list for PBXNativeTarget "TaskCastTests" */;
			buildPhases = (
				030C86FF2E19A8770080952D /* Sources */,
				030C87002E19A8770080952D /* Frameworks */,
				030C87012E19A8770080952D /* Resources */,
			);
			buildRules = (
			);
			dependencies = (
				030C87052E19A8770080952D /* PBXTargetDependency */,
			);
			fileSystemSynchronizedGroups = (
				030C87062E19A8770080952D /* TaskCastTests */,
			);
			name = TaskCastTests;
			packageProductDependencies = (
			);
			productName = TaskCastTests;
			productReference = 030C87032E19A8770080952D /* TaskCastTests.xctest */;
			productType = "com.apple.product-type.bundle.unit-test";
		};
		030C870C2E19A8770080952D /* TaskCastUITests */ = {
			isa = PBXNativeTarget;
			buildConfigurationList = 030C871D2E19A8770080952D /* Build configuration list for PBXNativeTarget "TaskCastUITests" */;
			buildPhases = (
				030C87092E19A8770080952D /* Sources */,
				030C870A2E19A8770080952D /* Frameworks */,
				030C870B2E19A8770080952D /* Resources */,
			);
			buildRules = (
			);
			dependencies = (
				030C870F2E19A8770080952D /* PBXTargetDependency */,
			);
			fileSystemSynchronizedGroups = (
				030C87102E19A8770080952D /* TaskCastUITests */,
			);
			name = TaskCastUITests;
			packageProductDependencies = (
			);
			productName = TaskCastUITests;
			productReference = 030C870D2E19A8770080952D /* TaskCastUITests.xctest */;
			productType = "com.apple.product-type.bundle.ui-testing";
		};
/* End PBXNativeTarget section */

/* Begin PBXProject section */
		030C86EA2E19A8760080952D /* Project object */ = {
			isa = PBXProject;
			attributes = {
				BuildIndependentTargetsInParallel = 1;
				LastSwiftUpdateCheck = 1600;
				LastUpgradeCheck = 1600;
				TargetAttributes = {
					030C86F12E19A8760080952D = {
						CreatedOnToolsVersion = 16.0;
					};
					030C87022E19A8770080952D = {
						CreatedOnToolsVersion = 16.0;
						TestTargetID = 030C86F12E19A8760080952D;
					};
					030C870C2E19A8770080952D = {
						CreatedOnToolsVersion = 16.0;
						TestTargetID = 030C86F12E19A8760080952D;
					};
				};
			};
			buildConfigurationList = 030C86ED2E19A8760080952D /* Build configuration list for PBXProject "TaskCast" */;
			developmentRegion = en;
			hasScannedForEncodings = 0;
			knownRegions = (
				en,
				Base,
			);
			mainGroup = 030C86E92E19A8760080952D;
			minimizedProjectReferenceProxies = 1;
			packageReferences = (
				030C87582E1ACB1C0080952D /* XCRemoteSwiftPackageReference "needle" */,
				030C877E2E1AEADC0080952D /* XCRemoteSwiftPackageReference "realm-swift" */,
			);
			preferredProjectObjectVersion = 77;
			productRefGroup = 030C86F32E19A8760080952D /* Products */;
			projectDirPath = "";
			projectRoot = "";
			targets = (
				030C86F12E19A8760080952D /* TaskCast */,
				030C87022E19A8770080952D /* TaskCastTests */,
				030C870C2E19A8770080952D /* TaskCastUITests */,
			);
		};
/* End PBXProject section */

/* Begin PBXResourcesBuildPhase section */
		030C86F02E19A8760080952D /* Resources */ = {
			isa = PBXResourcesBuildPhase;
			buildActionMask = 2147483647;
			files = (
			);
			runOnlyForDeploymentPostprocessing = 0;
		};
		030C87012E19A8770080952D /* Resources */ = {
			isa = PBXResourcesBuildPhase;
			buildActionMask = 2147483647;
			files = (
			);
			runOnlyForDeploymentPostprocessing = 0;
		};
		030C870B2E19A8770080952D /* Resources */ = {
			isa = PBXResourcesBuildPhase;
			buildActionMask = 2147483647;
			files = (
			);
			runOnlyForDeploymentPostprocessing = 0;
		};
/* End PBXResourcesBuildPhase section */

/* Begin PBXShellScriptBuildPhase section */
		030C876D2E1AE5490080952D /* Needle */ = {
			isa = PBXShellScriptBuildPhase;
			buildActionMask = 2147483647;
			files = (
			);
			inputFileListPaths = (
			);
			inputPaths = (
			);
			name = Needle;
			outputFileListPaths = (
			);
			outputPaths = (
			);
			runOnlyForDeploymentPostprocessing = 0;
			shellPath = /bin/sh;
			shellScript = "# Type a script or drag a script file from your workspace to insert its path.\n/opt/homebrew/bin/needle generate TaskCast/Generated/NeedleGenerated.swift TaskCast/\n";
		};
/* End PBXShellScriptBuildPhase section */

/* Begin PBXSourcesBuildPhase section */
		030C86EE2E19A8760080952D /* Sources */ = {
			isa = PBXSourcesBuildPhase;
			buildActionMask = 2147483647;
			files = (
			);
			runOnlyForDeploymentPostprocessing = 0;
		};
		030C86FF2E19A8770080952D /* Sources */ = {
			isa = PBXSourcesBuildPhase;
			buildActionMask = 2147483647;
			files = (
			);
			runOnlyForDeploymentPostprocessing = 0;
		};
		030C87092E19A8770080952D /* Sources */ = {
			isa = PBXSourcesBuildPhase;
			buildActionMask = 2147483647;
			files = (
			);
			runOnlyForDeploymentPostprocessing = 0;
		};
/* End PBXSourcesBuildPhase section */

/* Begin PBXTargetDependency section */
		030C87052E19A8770080952D /* PBXTargetDependency */ = {
			isa = PBXTargetDependency;
			target = 030C86F12E19A8760080952D /* TaskCast */;
			targetProxy = 030C87042E19A8770080952D /* PBXContainerItemProxy */;
		};
		030C870F2E19A8770080952D /* PBXTargetDependency */ = {
			isa = PBXTargetDependency;
			target = 030C86F12E19A8760080952D /* TaskCast */;
			targetProxy = 030C870E2E19A8770080952D /* PBXContainerItemProxy */;
		};
/* End PBXTargetDependency section */

/* Begin XCBuildConfiguration section */
		030C87152E19A8770080952D /* Debug */ = {
			isa = XCBuildConfiguration;
			buildSettings = {
				ALWAYS_SEARCH_USER_PATHS = NO;
				ASSETCATALOG_COMPILER_GENERATE_SWIFT_ASSET_SYMBOL_EXTENSIONS = YES;
				CLANG_ANALYZER_NONNULL = YES;
				CLANG_ANALYZER_NUMBER_OBJECT_CONVERSION = YES_AGGRESSIVE;
				CLANG_CXX_LANGUAGE_STANDARD = "gnu++20";
				CLANG_ENABLE_MODULES = YES;
				CLANG_ENABLE_OBJC_ARC = YES;
				CLANG_ENABLE_OBJC_WEAK = YES;
				CLANG_WARN_BLOCK_CAPTURE_AUTORELEASING = YES;
				CLANG_WARN_BOOL_CONVERSION = YES;
				CLANG_WARN_COMMA = YES;
				CLANG_WARN_CONSTANT_CONVERSION = YES;
				CLANG_WARN_DEPRECATED_OBJC_IMPLEMENTATIONS = YES;
				CLANG_WARN_DIRECT_OBJC_ISA_USAGE = YES_ERROR;
				CLANG_WARN_DOCUMENTATION_COMMENTS = YES;
				CLANG_WARN_EMPTY_BODY = YES;
				CLANG_WARN_ENUM_CONVERSION = YES;
				CLANG_WARN_INFINITE_RECURSION = YES;
				CLANG_WARN_INT_CONVERSION = YES;
				CLANG_WARN_NON_LITERAL_NULL_CONVERSION = YES;
				CLANG_WARN_OBJC_IMPLICIT_RETAIN_SELF = YES;
				CLANG_WARN_OBJC_LITERAL_CONVERSION = YES;
				CLANG_WARN_OBJC_ROOT_CLASS = YES_ERROR;
				CLANG_WARN_QUOTED_INCLUDE_IN_FRAMEWORK_HEADER = YES;
				CLANG_WARN_RANGE_LOOP_ANALYSIS = YES;
				CLANG_WARN_STRICT_PROTOTYPES = YES;
				CLANG_WARN_SUSPICIOUS_MOVE = YES;
				CLANG_WARN_UNGUARDED_AVAILABILITY = YES_AGGRESSIVE;
				CLANG_WARN_UNREACHABLE_CODE = YES;
				CLANG_WARN__DUPLICATE_METHOD_MATCH = YES;
				COPY_PHASE_STRIP = NO;
				DEBUG_INFORMATION_FORMAT = dwarf;
				ENABLE_STRICT_OBJC_MSGSEND = YES;
				ENABLE_TESTABILITY = YES;
				ENABLE_USER_SCRIPT_SANDBOXING = NO;
				GCC_C_LANGUAGE_STANDARD = gnu17;
				GCC_DYNAMIC_NO_PIC = NO;
				GCC_NO_COMMON_BLOCKS = YES;
				GCC_OPTIMIZATION_LEVEL = 0;
				GCC_PREPROCESSOR_DEFINITIONS = (
					"DEBUG=1",
					"$(inherited)",
				);
				GCC_WARN_64_TO_32_BIT_CONVERSION = YES;
				GCC_WARN_ABOUT_RETURN_TYPE = YES_ERROR;
				GCC_WARN_UNDECLARED_SELECTOR = YES;
				GCC_WARN_UNINITIALIZED_AUTOS = YES_AGGRESSIVE;
				GCC_WARN_UNUSED_FUNCTION = YES;
				GCC_WARN_UNUSED_VARIABLE = YES;
				LOCALIZATION_PREFERS_STRING_CATALOGS = YES;
				MTL_ENABLE_DEBUG_INFO = INCLUDE_SOURCE;
				MTL_FAST_MATH = YES;
				ONLY_ACTIVE_ARCH = YES;
				SWIFT_ACTIVE_COMPILATION_CONDITIONS = "DEBUG $(inherited)";
				SWIFT_OPTIMIZATION_LEVEL = "-Onone";
			};
			name = Debug;
		};
		030C87162E19A8770080952D /* Release */ = {
			isa = XCBuildConfiguration;
			buildSettings = {
				ALWAYS_SEARCH_USER_PATHS = NO;
				ASSETCATALOG_COMPILER_GENERATE_SWIFT_ASSET_SYMBOL_EXTENSIONS = YES;
				CLANG_ANALYZER_NONNULL = YES;
				CLANG_ANALYZER_NUMBER_OBJECT_CONVERSION = YES_AGGRESSIVE;
				CLANG_CXX_LANGUAGE_STANDARD = "gnu++20";
				CLANG_ENABLE_MODULES = YES;
				CLANG_ENABLE_OBJC_ARC = YES;
				CLANG_ENABLE_OBJC_WEAK = YES;
				CLANG_WARN_BLOCK_CAPTURE_AUTORELEASING = YES;
				CLANG_WARN_BOOL_CONVERSION = YES;
				CLANG_WARN_COMMA = YES;
				CLANG_WARN_CONSTANT_CONVERSION = YES;
				CLANG_WARN_DEPRECATED_OBJC_IMPLEMENTATIONS = YES;
				CLANG_WARN_DIRECT_OBJC_ISA_USAGE = YES_ERROR;
				CLANG_WARN_DOCUMENTATION_COMMENTS = YES;
				CLANG_WARN_EMPTY_BODY = YES;
				CLANG_WARN_ENUM_CONVERSION = YES;
				CLANG_WARN_INFINITE_RECURSION = YES;
				CLANG_WARN_INT_CONVERSION = YES;
				CLANG_WARN_NON_LITERAL_NULL_CONVERSION = YES;
				CLANG_WARN_OBJC_IMPLICIT_RETAIN_SELF = YES;
				CLANG_WARN_OBJC_LITERAL_CONVERSION = YES;
				CLANG_WARN_OBJC_ROOT_CLASS = YES_ERROR;
				CLANG_WARN_QUOTED_INCLUDE_IN_FRAMEWORK_HEADER = YES;
				CLANG_WARN_RANGE_LOOP_ANALYSIS = YES;
				CLANG_WARN_STRICT_PROTOTYPES = YES;
				CLANG_WARN_SUSPICIOUS_MOVE = YES;
				CLANG_WARN_UNGUARDED_AVAILABILITY = YES_AGGRESSIVE;
				CLANG_WARN_UNREACHABLE_CODE = YES;
				CLANG_WARN__DUPLICATE_METHOD_MATCH = YES;
				COPY_PHASE_STRIP = NO;
				DEBUG_INFORMATION_FORMAT = "dwarf-with-dsym";
				ENABLE_NS_ASSERTIONS = NO;
				ENABLE_STRICT_OBJC_MSGSEND = YES;
				ENABLE_USER_SCRIPT_SANDBOXING = NO;
				GCC_C_LANGUAGE_STANDARD = gnu17;
				GCC_NO_COMMON_BLOCKS = YES;
				GCC_WARN_64_TO_32_BIT_CONVERSION = YES;
				GCC_WARN_ABOUT_RETURN_TYPE = YES_ERROR;
				GCC_WARN_UNDECLARED_SELECTOR = YES;
				GCC_WARN_UNINITIALIZED_AUTOS = YES_AGGRESSIVE;
				GCC_WARN_UNUSED_FUNCTION = YES;
				GCC_WARN_UNUSED_VARIABLE = YES;
				LOCALIZATION_PREFERS_STRING_CATALOGS = YES;
				MTL_ENABLE_DEBUG_INFO = NO;
				MTL_FAST_MATH = YES;
				SWIFT_COMPILATION_MODE = wholemodule;
			};
			name = Release;
		};
		030C87182E19A8770080952D /* Debug */ = {
			isa = XCBuildConfiguration;
			buildSettings = {
				ASSETCATALOG_COMPILER_APPICON_NAME = AppIcon;
				ASSETCATALOG_COMPILER_GLOBAL_ACCENT_COLOR_NAME = AccentColor;
				CODE_SIGN_ENTITLEMENTS = TaskCast/TaskCast.entitlements;
				CODE_SIGN_STYLE = Automatic;
				CURRENT_PROJECT_VERSION = 1;
				DEVELOPMENT_ASSET_PATHS = "\"TaskCast/Preview Content\"";
				DEVELOPMENT_TEAM = QH79N64YB6;
				ENABLE_HARDENED_RUNTIME = YES;
				ENABLE_PREVIEWS = YES;
				GENERATE_INFOPLIST_FILE = YES;
				"INFOPLIST_KEY_UIApplicationSceneManifest_Generation[sdk=iphoneos*]" = YES;
				"INFOPLIST_KEY_UIApplicationSceneManifest_Generation[sdk=iphonesimulator*]" = YES;
				"INFOPLIST_KEY_UIApplicationSupportsIndirectInputEvents[sdk=iphoneos*]" = YES;
				"INFOPLIST_KEY_UIApplicationSupportsIndirectInputEvents[sdk=iphonesimulator*]" = YES;
				"INFOPLIST_KEY_UILaunchScreen_Generation[sdk=iphoneos*]" = YES;
				"INFOPLIST_KEY_UILaunchScreen_Generation[sdk=iphonesimulator*]" = YES;
				"INFOPLIST_KEY_UIStatusBarStyle[sdk=iphoneos*]" = UIStatusBarStyleDefault;
				"INFOPLIST_KEY_UIStatusBarStyle[sdk=iphonesimulator*]" = UIStatusBarStyleDefault;
				INFOPLIST_KEY_UISupportedInterfaceOrientations_iPad = "UIInterfaceOrientationPortrait UIInterfaceOrientationPortraitUpsideDown UIInterfaceOrientationLandscapeLeft UIInterfaceOrientationLandscapeRight";
				INFOPLIST_KEY_UISupportedInterfaceOrientations_iPhone = "UIInterfaceOrientationPortrait UIInterfaceOrientationLandscapeLeft UIInterfaceOrientationLandscapeRight";
				IPHONEOS_DEPLOYMENT_TARGET = 18.0;
				LD_RUNPATH_SEARCH_PATHS = "@executable_path/Frameworks";
				"LD_RUNPATH_SEARCH_PATHS[sdk=macosx*]" = "@executable_path/../Frameworks";
				MACOSX_DEPLOYMENT_TARGET = 15.0;
				MARKETING_VERSION = 1.0;
				PRODUCT_BUNDLE_IDENTIFIER = com.jb.taskcast.TaskCast;
				PRODUCT_NAME = "$(TARGET_NAME)";
				SDKROOT = auto;
				SUPPORTED_PLATFORMS = "iphoneos iphonesimulator macosx xros xrsimulator";
				SWIFT_EMIT_LOC_STRINGS = YES;
				SWIFT_VERSION = 5.0;
				TARGETED_DEVICE_FAMILY = "1,2,7";
				XROS_DEPLOYMENT_TARGET = 2.0;
			};
			name = Debug;
		};
		030C87192E19A8770080952D /* Release */ = {
			isa = XCBuildConfiguration;
			buildSettings = {
				ASSETCATALOG_COMPILER_APPICON_NAME = AppIcon;
				ASSETCATALOG_COMPILER_GLOBAL_ACCENT_COLOR_NAME = AccentColor;
				CODE_SIGN_ENTITLEMENTS = TaskCast/TaskCast.entitlements;
				CODE_SIGN_STYLE = Automatic;
				CURRENT_PROJECT_VERSION = 1;
				DEVELOPMENT_ASSET_PATHS = "\"TaskCast/Preview Content\"";
				DEVELOPMENT_TEAM = QH79N64YB6;
				ENABLE_HARDENED_RUNTIME = YES;
				ENABLE_PREVIEWS = YES;
				GENERATE_INFOPLIST_FILE = YES;
				"INFOPLIST_KEY_UIApplicationSceneManifest_Generation[sdk=iphoneos*]" = YES;
				"INFOPLIST_KEY_UIApplicationSceneManifest_Generation[sdk=iphonesimulator*]" = YES;
				"INFOPLIST_KEY_UIApplicationSupportsIndirectInputEvents[sdk=iphoneos*]" = YES;
				"INFOPLIST_KEY_UIApplicationSupportsIndirectInputEvents[sdk=iphonesimulator*]" = YES;
				"INFOPLIST_KEY_UILaunchScreen_Generation[sdk=iphoneos*]" = YES;
				"INFOPLIST_KEY_UILaunchScreen_Generation[sdk=iphonesimulator*]" = YES;
				"INFOPLIST_KEY_UIStatusBarStyle[sdk=iphoneos*]" = UIStatusBarStyleDefault;
				"INFOPLIST_KEY_UIStatusBarStyle[sdk=iphonesimulator*]" = UIStatusBarStyleDefault;
				INFOPLIST_KEY_UISupportedInterfaceOrientations_iPad = "UIInterfaceOrientationPortrait UIInterfaceOrientationPortraitUpsideDown UIInterfaceOrientationLandscapeLeft UIInterfaceOrientationLandscapeRight";
				INFOPLIST_KEY_UISupportedInterfaceOrientations_iPhone = "UIInterfaceOrientationPortrait UIInterfaceOrientationLandscapeLeft UIInterfaceOrientationLandscapeRight";
				IPHONEOS_DEPLOYMENT_TARGET = 18.0;
				LD_RUNPATH_SEARCH_PATHS = "@executable_path/Frameworks";
				"LD_RUNPATH_SEARCH_PATHS[sdk=macosx*]" = "@executable_path/../Frameworks";
				MACOSX_DEPLOYMENT_TARGET = 15.0;
				MARKETING_VERSION = 1.0;
				PRODUCT_BUNDLE_IDENTIFIER = com.jb.taskcast.TaskCast;
				PRODUCT_NAME = "$(TARGET_NAME)";
				SDKROOT = auto;
				SUPPORTED_PLATFORMS = "iphoneos iphonesimulator macosx xros xrsimulator";
				SWIFT_EMIT_LOC_STRINGS = YES;
				SWIFT_VERSION = 5.0;
				TARGETED_DEVICE_FAMILY = "1,2,7";
				XROS_DEPLOYMENT_TARGET = 2.0;
			};
			name = Release;
		};
		030C871B2E19A8770080952D /* Debug */ = {
			isa = XCBuildConfiguration;
			buildSettings = {
				BUNDLE_LOADER = "$(TEST_HOST)";
				CODE_SIGN_STYLE = Automatic;
				CURRENT_PROJECT_VERSION = 1;
				DEVELOPMENT_TEAM = QH79N64YB6;
				GENERATE_INFOPLIST_FILE = YES;
				IPHONEOS_DEPLOYMENT_TARGET = 18.0;
				MACOSX_DEPLOYMENT_TARGET = 15.0;
				MARKETING_VERSION = 1.0;
				PRODUCT_BUNDLE_IDENTIFIER = com.jb.taskcast.TaskCastTests;
				PRODUCT_NAME = "$(TARGET_NAME)";
				SDKROOT = auto;
				SUPPORTED_PLATFORMS = "iphoneos iphonesimulator macosx xros xrsimulator";
				SWIFT_EMIT_LOC_STRINGS = NO;
				SWIFT_VERSION = 5.0;
				TARGETED_DEVICE_FAMILY = "1,2,7";
				TEST_HOST = "$(BUILT_PRODUCTS_DIR)/TaskCast.app/$(BUNDLE_EXECUTABLE_FOLDER_PATH)/TaskCast";
				XROS_DEPLOYMENT_TARGET = 2.0;
			};
			name = Debug;
		};
		030C871C2E19A8770080952D /* Release */ = {
			isa = XCBuildConfiguration;
			buildSettings = {
				BUNDLE_LOADER = "$(TEST_HOST)";
				CODE_SIGN_STYLE = Automatic;
				CURRENT_PROJECT_VERSION = 1;
				DEVELOPMENT_TEAM = QH79N64YB6;
				GENERATE_INFOPLIST_FILE = YES;
				IPHONEOS_DEPLOYMENT_TARGET = 18.0;
				MACOSX_DEPLOYMENT_TARGET = 15.0;
				MARKETING_VERSION = 1.0;
				PRODUCT_BUNDLE_IDENTIFIER = com.jb.taskcast.TaskCastTests;
				PRODUCT_NAME = "$(TARGET_NAME)";
				SDKROOT = auto;
				SUPPORTED_PLATFORMS = "iphoneos iphonesimulator macosx xros xrsimulator";
				SWIFT_EMIT_LOC_STRINGS = NO;
				SWIFT_VERSION = 5.0;
				TARGETED_DEVICE_FAMILY = "1,2,7";
				TEST_HOST = "$(BUILT_PRODUCTS_DIR)/TaskCast.app/$(BUNDLE_EXECUTABLE_FOLDER_PATH)/TaskCast";
				XROS_DEPLOYMENT_TARGET = 2.0;
			};
			name = Release;
		};
		030C871E2E19A8770080952D /* Debug */ = {
			isa = XCBuildConfiguration;
			buildSettings = {
				CODE_SIGN_STYLE = Automatic;
				CURRENT_PROJECT_VERSION = 1;
				DEVELOPMENT_TEAM = QH79N64YB6;
				GENERATE_INFOPLIST_FILE = YES;
				IPHONEOS_DEPLOYMENT_TARGET = 18.0;
				MACOSX_DEPLOYMENT_TARGET = 15.0;
				MARKETING_VERSION = 1.0;
				PRODUCT_BUNDLE_IDENTIFIER = com.jb.taskcast.TaskCastUITests;
				PRODUCT_NAME = "$(TARGET_NAME)";
				SDKROOT = auto;
				SUPPORTED_PLATFORMS = "iphoneos iphonesimulator macosx xros xrsimulator";
				SWIFT_EMIT_LOC_STRINGS = NO;
				SWIFT_VERSION = 5.0;
				TARGETED_DEVICE_FAMILY = "1,2,7";
				TEST_TARGET_NAME = TaskCast;
				XROS_DEPLOYMENT_TARGET = 2.0;
			};
			name = Debug;
		};
		030C871F2E19A8770080952D /* Release */ = {
			isa = XCBuildConfiguration;
			buildSettings = {
				CODE_SIGN_STYLE = Automatic;
				CURRENT_PROJECT_VERSION = 1;
				DEVELOPMENT_TEAM = QH79N64YB6;
				GENERATE_INFOPLIST_FILE = YES;
				IPHONEOS_DEPLOYMENT_TARGET = 18.0;
				MACOSX_DEPLOYMENT_TARGET = 15.0;
				MARKETING_VERSION = 1.0;
				PRODUCT_BUNDLE_IDENTIFIER = com.jb.taskcast.TaskCastUITests;
				PRODUCT_NAME = "$(TARGET_NAME)";
				SDKROOT = auto;
				SUPPORTED_PLATFORMS = "iphoneos iphonesimulator macosx xros xrsimulator";
				SWIFT_EMIT_LOC_STRINGS = NO;
				SWIFT_VERSION = 5.0;
				TARGETED_DEVICE_FAMILY = "1,2,7";
				TEST_TARGET_NAME = TaskCast;
				XROS_DEPLOYMENT_TARGET = 2.0;
			};
			name = Release;
		};
/* End XCBuildConfiguration section */

/* Begin XCConfigurationList section */
		030C86ED2E19A8760080952D /* Build configuration list for PBXProject "TaskCast" */ = {
			isa = XCConfigurationList;
			buildConfigurations = (
				030C87152E19A8770080952D /* Debug */,
				030C87162E19A8770080952D /* Release */,
			);
			defaultConfigurationIsVisible = 0;
			defaultConfigurationName = Release;
		};
		030C87172E19A8770080952D /* Build configuration list for PBXNativeTarget "TaskCast" */ = {
			isa = XCConfigurationList;
			buildConfigurations = (
				030C87182E19A8770080952D /* Debug */,
				030C87192E19A8770080952D /* Release */,
			);
			defaultConfigurationIsVisible = 0;
			defaultConfigurationName = Release;
		};
		030C871A2E19A8770080952D /* Build configuration list for PBXNativeTarget "TaskCastTests" */ = {
			isa = XCConfigurationList;
			buildConfigurations = (
				030C871B2E19A8770080952D /* Debug */,
				030C871C2E19A8770080952D /* Release */,
			);
			defaultConfigurationIsVisible = 0;
			defaultConfigurationName = Release;
		};
		030C871D2E19A8770080952D /* Build configuration list for PBXNativeTarget "TaskCastUITests" */ = {
			isa = XCConfigurationList;
			buildConfigurations = (
				030C871E2E19A8770080952D /* Debug */,
				030C871F2E19A8770080952D /* Release */,
			);
			defaultConfigurationIsVisible = 0;
			defaultConfigurationName = Release;
		};
/* End XCConfigurationList section */

/* Begin XCRemoteSwiftPackageReference section */
		030C87582E1ACB1C0080952D /* XCRemoteSwiftPackageReference "needle" */ = {
			isa = XCRemoteSwiftPackageReference;
			repositoryURL = "https://github.com/uber/needle";
			requirement = {
				branch = master;
				kind = branch;
			};
		};
		030C877E2E1AEADC0080952D /* XCRemoteSwiftPackageReference "realm-swift" */ = {
			isa = XCRemoteSwiftPackageReference;
			repositoryURL = "https://github.com/realm/realm-swift";
			requirement = {
				kind = exactVersion;
				version = 20.0.3;
			};
		};
/* End XCRemoteSwiftPackageReference section */

/* Begin XCSwiftPackageProductDependency section */
		030C87592E1ACB1C0080952D /* NeedleFoundation */ = {
			isa = XCSwiftPackageProductDependency;
			package = 030C87582E1ACB1C0080952D /* XCRemoteSwiftPackageReference "needle" */;
			productName = NeedleFoundation;
		};
		030C875B2E1ACB1C0080952D /* NeedleFoundationTest */ = {
			isa = XCSwiftPackageProductDependency;
			package = 030C87582E1ACB1C0080952D /* XCRemoteSwiftPackageReference "needle" */;
			productName = NeedleFoundationTest;
		};
		030C877F2E1AEADC0080952D /* RealmSwift */ = {
			isa = XCSwiftPackageProductDependency;
			package = 030C877E2E1AEADC0080952D /* XCRemoteSwiftPackageReference "realm-swift" */;
			productName = RealmSwift;
		};
/* End XCSwiftPackageProductDependency section */
	};
	rootObject = 030C86EA2E19A8760080952D /* Project object */;
}
